
Microsoft Visual Studio Solution File, Format Version 12.00
# Visual Studio Version 17
VisualStudioVersion = 17.5.33516.290
MinimumVisualStudioVersion = 10.0.40219.1
Project("{FAE04EC0-301F-11D3-BF4B-00C04F79EFBC}") = "testgitappVS22", "testgitappVS22\testgitappVS22.csproj", "{42EB740A-277A-4BD2-B392-BC2721B512FB}"
EndProject
Global
	GlobalSection(SolutionConfigurationPlatforms) = preSolution
		Debug|Any CPU = Debug|Any CPU
		Release|Any CPU = Release|Any CPU
	EndGlobalSection
	GlobalSection(ProjectConfigurationPlatforms) = postSolution
		{42EB740A-277A-4BD2-B392-BC2721B512FB}.Debug|Any CPU.ActiveCfg = Debug|Any CPU
		{42EB740A-277A-4BD2-B392-BC2721B512FB}.Debug|Any CPU.Build.0 = Debug|Any CPU
		{42EB740A-277A-4BD2-B392-BC2721B512FB}.Release|Any CPU.ActiveCfg = Release|Any CPU
		{42EB740A-277A-4BD2-B392-BC2721B512FB}.Release|Any CPU.Build.0 = Release|Any CPU
	EndGlobalSection
	GlobalSection(SolutionProperties) = preSolution
		HideSolutionNode = FALSE
	EndGlobalSection
	GlobalSection(ExtensibilityGlobals) = postSolution
		SolutionGuid = {E394534C-CA3A-4BC7-A828-8D7CC29313AE}
	EndGlobalSection
EndGlobal
